{
  "name": "my-app",
  "version": "1.0.0",
  "lockfileVersion": 3,
  "packages": {
    "node_modules/express": {
      "version": "4.18.2",
      "integrity": "sha512-af0I6gWRBdJBHK6YiGaFOI3bLfVdXbSxOxEWujq8hWqAFfpkUrRaU5F2tNF7Jq+4P3c6jSNGCZzfOvEMgGOA==",
      "dependencies": {
        "accepts": "~1.3.8"
      }
    },
    "node_modules/accepts": {
      "version": "1.3.8",
      "integrity": "sha512-PkABbGgSPDjJRLNsvkEMnSR2CExVpqBWBYk7SRnIFGFKHAQiIqcqBCxpkFVfJLzmpE3dMb9RKX35lx2Hn2EA==",
      "dependencies": {}
    },
    "node_modules/lodash": {
      "version": "4.17.21",
      "integrity": "sha512-v2kDEe57lecTulaDIuNTPy3Ry4gLGJ6Z1O3vE1krgXZNrsQ+LFTGHVxVjcXPs17LhbZngButEoYWwW3crJFaA=="
    }
  }
}
